// !$*UTF8*$!
{
	archiveVersion = 1;
	classes = {
	};
	objectVersion = 46;
	objects = {

/* Begin PBXBuildFile section */
		324FC4421936A4FB00A765ED /* Foundation.framework in Frameworks */ = {isa = PBXBuildFile; fileRef = 324FC4411936A4FB00A765ED /* Foundation.framework */; };
		324FC4441936A4FB00A765ED /* CoreGraphics.framework in Frameworks */ = {isa = PBXBuildFile; fileRef = 324FC4431936A4FB00A765ED /* CoreGraphics.framework */; };
		324FC4461936A4FB00A765ED /* UIKit.framework in Frameworks */ = {isa = PBXBuildFile; fileRef = 324FC4451936A4FB00A765ED /* UIKit.framework */; };
		324FC44C1936A4FB00A765ED /* InfoPlist.strings in Resources */ = {isa = PBXBuildFile; fileRef = 324FC44A1936A4FB00A765ED /* InfoPlist.strings */; };
		324FC44E1936A4FB00A765ED /* main.m in Sources */ = {isa = PBXBuildFile; fileRef = 324FC44D1936A4FB00A765ED /* main.m */; };
		324FC4521936A4FB00A765ED /* BNRAppDelegate.m in Sources */ = {isa = PBXBuildFile; fileRef = 324FC4511936A4FB00A765ED /* BNRAppDelegate.m */; };
		324FC4541936A4FB00A765ED /* Images.xcassets in Resources */ = {isa = PBXBuildFile; fileRef = 324FC4531936A4FB00A765ED /* Images.xcassets */; };
		324FC45B1936A4FB00A765ED /* XCTest.framework in Frameworks */ = {isa = PBXBuildFile; fileRef = 324FC45A1936A4FB00A765ED /* XCTest.framework */; };
		324FC45C1936A4FB00A765ED /* Foundation.framework in Frameworks */ = {isa = PBXBuildFile; fileRef = 324FC4411936A4FB00A765ED /* Foundation.framework */; };
		324FC45D1936A4FB00A765ED /* UIKit.framework in Frameworks */ = {isa = PBXBuildFile; fileRef = 324FC4451936A4FB00A765ED /* UIKit.framework */; };
		324FC4651936A4FB00A765ED /* InfoPlist.strings in Resources */ = {isa = PBXBuildFile; fileRef = 324FC4631936A4FB00A765ED /* InfoPlist.strings */; };
		324FC4671936A4FB00A765ED /* HomepwnerTests.m in Sources */ = {isa = PBXBuildFile; fileRef = 324FC4661936A4FB00A765ED /* HomepwnerTests.m */; };
		324FC4721936AEE400A765ED /* BNRItemsViewController.m in Sources */ = {isa = PBXBuildFile; fileRef = 324FC4711936AEE400A765ED /* BNRItemsViewController.m */; };
		324FC4751936B1B300A765ED /* BNRItem.m in Sources */ = {isa = PBXBuildFile; fileRef = 324FC4741936B1B300A765ED /* BNRItem.m */; };
		324FC4781936B25200A765ED /* BNRItemStore.m in Sources */ = {isa = PBXBuildFile; fileRef = 324FC4771936B25200A765ED /* BNRItemStore.m */; };
/* End PBXBuildFile section */

/* Begin PBXContainerItemProxy section */
		324FC45E1936A4FB00A765ED /* PBXContainerItemProxy */ = {
			isa = PBXContainerItemProxy;
			containerPortal = 324FC4361936A4FB00A765ED /* Project object */;
			proxyType = 1;
			remoteGlobalIDString = 324FC43D1936A4FB00A765ED;
			remoteInfo = Homepwner;
		};
/* End PBXContainerItemProxy section */

/* Begin PBXFileReference section */
		324FC43E1936A4FB00A765ED /* Homepwner.app */ = {isa = PBXFileReference; explicitFileType = wrapper.application; includeInIndex = 0; path = Homepwner.app; sourceTree = BUILT_PRODUCTS_DIR; };
		324FC4411936A4FB00A765ED /* Foundation.framework */ = {isa = PBXFileReference; lastKnownFileType = wrapper.framework; name = Foundation.framework; path = System/Library/Frameworks/Foundation.framework; sourceTree = SDKROOT; };
		324FC4431936A4FB00A765ED /* CoreGraphics.framework */ = {isa = PBXFileReference; lastKnownFileType = wrapper.framework; name = CoreGraphics.framework; path = System/Library/Frameworks/CoreGraphics.framework; sourceTree = SDKROOT; };
		324FC4451936A4FB00A765ED /* UIKit.framework */ = {isa = PBXFileReference; lastKnownFileType = wrapper.framework; name = UIKit.framework; path = System/Library/Frameworks/UIKit.framework; sourceTree = SDKROOT; };
		324FC4491936A4FB00A765ED /* Homepwner-Info.plist */ = {isa = PBXFileReference; lastKnownFileType = text.plist.xml; path = "Homepwner-Info.plist"; sourceTree = "<group>"; };
		324FC44B1936A4FB00A765ED /* en */ = {isa = PBXFileReference; lastKnownFileType = text.plist.strings; name = en; path = en.lproj/InfoPlist.strings; sourceTree = "<group>"; };
		324FC44D1936A4FB00A765ED /* main.m */ = {isa = PBXFileReference; lastKnownFileType = sourcecode.c.objc; path = main.m; sourceTree = "<group>"; };
		324FC44F1936A4FB00A765ED /* Homepwner-Prefix.pch */ = {isa = PBXFileReference; lastKnownFileType = sourcecode.c.h; path = "Homepwner-Prefix.pch"; sourceTree = "<group>"; };
		324FC4501936A4FB00A765ED /* BNRAppDelegate.h */ = {isa = PBXFileReference; lastKnownFileType = sourcecode.c.h; path = BNRAppDelegate.h; sourceTree = "<group>"; };
		324FC4511936A4FB00A765ED /* BNRAppDelegate.m */ = {isa = PBXFileReference; lastKnownFileType = sourcecode.c.objc; path = BNRAppDelegate.m; sourceTree = "<group>"; };
		324FC4531936A4FB00A765ED /* Images.xcassets */ = {isa = PBXFileReference; lastKnownFileType = folder.assetcatalog; path = Images.xcassets; sourceTree = "<group>"; };
		324FC4591936A4FB00A765ED /* HomepwnerTests.xctest */ = {isa = PBXFileReference; explicitFileType = wrapper.cfbundle; includeInIndex = 0; path = HomepwnerTests.xctest; sourceTree = BUILT_PRODUCTS_DIR; };
		324FC45A1936A4FB00A765ED /* XCTest.framework */ = {isa = PBXFileReference; lastKnownFileType = wrapper.framework; name = XCTest.framework; path = Library/Frameworks/XCTest.framework; sourceTree = DEVELOPER_DIR; };
		324FC4621936A4FB00A765ED /* HomepwnerTests-Info.plist */ = {isa = PBXFileReference; lastKnownFileType = text.plist.xml; path = "HomepwnerTests-Info.plist"; sourceTree = "<group>"; };
		324FC4641936A4FB00A765ED /* en */ = {isa = PBXFileReference; lastKnownFileType = text.plist.strings; name = en; path = en.lproj/InfoPlist.strings; sourceTree = "<group>"; };
		324FC4661936A4FB00A765ED /* HomepwnerTests.m */ = {isa = PBXFileReference; lastKnownFileType = sourcecode.c.objc; path = HomepwnerTests.m; sourceTree = "<group>"; };
		324FC4701936AEE400A765ED /* BNRItemsViewController.h */ = {isa = PBXFileReference; fileEncoding = 4; lastKnownFileType = sourcecode.c.h; path = BNRItemsViewController.h; sourceTree = "<group>"; };
		324FC4711936AEE400A765ED /* BNRItemsViewController.m */ = {isa = PBXFileReference; fileEncoding = 4; lastKnownFileType = sourcecode.c.objc; path = BNRItemsViewController.m; sourceTree = "<group>"; };
		324FC4731936B1B300A765ED /* BNRItem.h */ = {isa = PBXFileReference; fileEncoding = 4; lastKnownFileType = sourcecode.c.h; path = BNRItem.h; sourceTree = "<group>"; };
		324FC4741936B1B300A765ED /* BNRItem.m */ = {isa = PBXFileReference; fileEncoding = 4; lastKnownFileType = sourcecode.c.objc; path = BNRItem.m; sourceTree = "<group>"; };
		324FC4761936B25200A765ED /* BNRItemStore.h */ = {isa = PBXFileReference; fileEncoding = 4; lastKnownFileType = sourcecode.c.h; path = BNRItemStore.h; sourceTree = "<group>"; };
		324FC4771936B25200A765ED /* BNRItemStore.m */ = {isa = PBXFileReference; fileEncoding = 4; lastKnownFileType = sourcecode.c.objc; path = BNRItemStore.m; sourceTree = "<group>"; };
/* End PBXFileReference section */

/* Begin PBXFrameworksBuildPhase section */
		324FC43B1936A4FB00A765ED /* Frameworks */ = {
			isa = PBXFrameworksBuildPhase;
			buildActionMask = 2147483647;
			files = (
				324FC4441936A4FB00A765ED /* CoreGraphics.framework in Frameworks */,
				324FC4461936A4FB00A765ED /* UIKit.framework in Frameworks */,
				324FC4421936A4FB00A765ED /* Foundation.framework in Frameworks */,
			);
			runOnlyForDeploymentPostprocessing = 0;
		};
		324FC4561936A4FB00A765ED /* Frameworks */ = {
			isa = PBXFrameworksBuildPhase;
			buildActionMask = 2147483647;
			files = (
				324FC45B1936A4FB00A765ED /* XCTest.framework in Frameworks */,
				324FC45D1936A4FB00A765ED /* UIKit.framework in Frameworks */,
				324FC45C1936A4FB00A765ED /* Foundation.framework in Frameworks */,
			);
			runOnlyForDeploymentPostprocessing = 0;
		};
/* End PBXFrameworksBuildPhase section */

/* Begin PBXGroup section */
		324FC4351936A4FB00A765ED = {
			isa = PBXGroup;
			children = (
				324FC4701936AEE400A765ED /* BNRItemsViewController.h */,
				324FC4711936AEE400A765ED /* BNRItemsViewController.m */,
				324FC4471936A4FB00A765ED /* Homepwner */,
				324FC4601936A4FB00A765ED /* HomepwnerTests */,
				324FC4401936A4FB00A765ED /* Frameworks */,
				324FC43F1936A4FB00A765ED /* Products */,
			);
			sourceTree = "<group>";
		};
		324FC43F1936A4FB00A765ED /* Products */ = {
			isa = PBXGroup;
			children = (
				324FC43E1936A4FB00A765ED /* Homepwner.app */,
				324FC4591936A4FB00A765ED /* HomepwnerTests.xctest */,
			);
			name = Products;
			sourceTree = "<group>";
		};
		324FC4401936A4FB00A765ED /* Frameworks */ = {
			isa = PBXGroup;
			children = (
				324FC4411936A4FB00A765ED /* Foundation.framework */,
				324FC4431936A4FB00A765ED /* CoreGraphics.framework */,
				324FC4451936A4FB00A765ED /* UIKit.framework */,
				324FC45A1936A4FB00A765ED /* XCTest.framework */,
			);
			name = Frameworks;
			sourceTree = "<group>";
		};
		324FC4471936A4FB00A765ED /* Homepwner */ = {
			isa = PBXGroup;
			children = (
				324FC4731936B1B300A765ED /* BNRItem.h */,
				324FC4741936B1B300A765ED /* BNRItem.m */,
				324FC4761936B25200A765ED /* BNRItemStore.h */,
				324FC4771936B25200A765ED /* BNRItemStore.m */,
				324FC4501936A4FB00A765ED /* BNRAppDelegate.h */,
				324FC4511936A4FB00A765ED /* BNRAppDelegate.m */,
				324FC4531936A4FB00A765ED /* Images.xcassets */,
				324FC4481936A4FB00A765ED /* Supporting Files */,
			);
			path = Homepwner;
			sourceTree = "<group>";
		};
		324FC4481936A4FB00A765ED /* Supporting Files */ = {
			isa = PBXGroup;
			children = (
				324FC4491936A4FB00A765ED /* Homepwner-Info.plist */,
				324FC44A1936A4FB00A765ED /* InfoPlist.strings */,
				324FC44D1936A4FB00A765ED /* main.m */,
				324FC44F1936A4FB00A765ED /* Homepwner-Prefix.pch */,
			);
			name = "Supporting Files";
			sourceTree = "<group>";
		};
		324FC4601936A4FB00A765ED /* HomepwnerTests */ = {
			isa = PBXGroup;
			children = (
				324FC4661936A4FB00A765ED /* HomepwnerTests.m */,
				324FC4611936A4FB00A765ED /* Supporting Files */,
			);
			path = HomepwnerTests;
			sourceTree = "<group>";
		};
		324FC4611936A4FB00A765ED /* Supporting Files */ = {
			isa = PBXGroup;
			children = (
				324FC4621936A4FB00A765ED /* HomepwnerTests-Info.plist */,
				324FC4631936A4FB00A765ED /* InfoPlist.strings */,
			);
			name = "Supporting Files";
			sourceTree = "<group>";
		};
/* End PBXGroup section */

/* Begin PBXNativeTarget section */
		324FC43D1936A4FB00A765ED /* Homepwner */ = {
			isa = PBXNativeTarget;
			buildConfigurationList = 324FC46A1936A4FB00A765ED /* Build configuration list for PBXNativeTarget "Homepwner" */;
			buildPhases = (
				324FC43A1936A4FB00A765ED /* Sources */,
				324FC43B1936A4FB00A765ED /* Frameworks */,
				324FC43C1936A4FB00A765ED /* Resources */,
			);
			buildRules = (
			);
			dependencies = (
			);
			name = Homepwner;
			productName = Homepwner;
			productReference = 324FC43E1936A4FB00A765ED /* Homepwner.app */;
			productType = "com.apple.product-type.application";
		};
		324FC4581936A4FB00A765ED /* HomepwnerTests */ = {
			isa = PBXNativeTarget;
			buildConfigurationList = 324FC46D1936A4FB00A765ED /* Build configuration list for PBXNativeTarget "HomepwnerTests" */;
			buildPhases = (
				324FC4551936A4FB00A765ED /* Sources */,
				324FC4561936A4FB00A765ED /* Frameworks */,
				324FC4571936A4FB00A765ED /* Resources */,
			);
			buildRules = (
			);
			dependencies = (
				324FC45F1936A4FB00A765ED /* PBXTargetDependency */,
			);
			name = HomepwnerTests;
			productName = HomepwnerTests;
			productReference = 324FC4591936A4FB00A765ED /* HomepwnerTests.xctest */;
			productType = "com.apple.product-type.bundle.unit-test";
		};
/* End PBXNativeTarget section */

/* Begin PBXProject section */
		324FC4361936A4FB00A765ED /* Project object */ = {
			isa = PBXProject;
			attributes = {
				CLASSPREFIX = BNR;
				LastUpgradeCheck = 0510;
				ORGANIZATIONNAME = "Big Nerd Ranch";
				TargetAttributes = {
					324FC4581936A4FB00A765ED = {
						TestTargetID = 324FC43D1936A4FB00A765ED;
					};
				};
			};
			buildConfigurationList = 324FC4391936A4FB00A765ED /* Build configuration list for PBXProject "Homepwner" */;
			compatibilityVersion = "Xcode 3.2";
			developmentRegion = English;
			hasScannedForEncodings = 0;
			knownRegions = (
				en,
			);
			mainGroup = 324FC4351936A4FB00A765ED;
			productRefGroup = 324FC43F1936A4FB00A765ED /* Products */;
			projectDirPath = "";
			projectRoot = "";
			targets = (
				324FC43D1936A4FB00A765ED /* Homepwner */,
				324FC4581936A4FB00A765ED /* HomepwnerTests */,
			);
		};
/* End PBXProject section */

/* Begin PBXResourcesBuildPhase section */
		324FC43C1936A4FB00A765ED /* Resources */ = {
			isa = PBXResourcesBuildPhase;
			buildActionMask = 2147483647;
			files = (
				324FC44C1936A4FB00A765ED /* InfoPlist.strings in Resources */,
				324FC4541936A4FB00A765ED /* Images.xcassets in Resources */,
			);
			runOnlyForDeploymentPostprocessing = 0;
		};
		324FC4571936A4FB00A765ED /* Resources */ = {
			isa = PBXResourcesBuildPhase;
			buildActionMask = 2147483647;
			files = (
				324FC4651936A4FB00A765ED /* InfoPlist.strings in Resources */,
			);
			runOnlyForDeploymentPostprocessing = 0;
		};
/* End PBXResourcesBuildPhase section */

/* Begin PBXSourcesBuildPhase section */
		324FC43A1936A4FB00A765ED /* Sources */ = {
			isa = PBXSourcesBuildPhase;
			buildActionMask = 2147483647;
			files = (
				324FC4781936B25200A765ED /* BNRItemStore.m in Sources */,
				324FC4721936AEE400A765ED /* BNRItemsViewController.m in Sources */,
				324FC4751936B1B300A765ED /* BNRItem.m in Sources */,
				324FC44E1936A4FB00A765ED /* main.m in Sources */,
				324FC4521936A4FB00A765ED /* BNRAppDelegate.m in Sources */,
			);
			runOnlyForDeploymentPostprocessing = 0;
		};
		324FC4551936A4FB00A765ED /* Sources */ = {
			isa = PBXSourcesBuildPhase;
			buildActionMask = 2147483647;
			files = (
				324FC4671936A4FB00A765ED /* HomepwnerTests.m in Sources */,
			);
			runOnlyForDeploymentPostprocessing = 0;
		};
/* End PBXSourcesBuildPhase section */

/* Begin PBXTargetDependency section */
		324FC45F1936A4FB00A765ED /* PBXTargetDependency */ = {
			isa = PBXTargetDependency;
			target = 324FC43D1936A4FB00A765ED /* Homepwner */;
			targetProxy = 324FC45E1936A4FB00A765ED /* PBXContainerItemProxy */;
		};
/* End PBXTargetDependency section */

/* Begin PBXVariantGroup section */
		324FC44A1936A4FB00A765ED /* InfoPlist.strings */ = {
			isa = PBXVariantGroup;
			children = (
				324FC44B1936A4FB00A765ED /* en */,
			);
			name = InfoPlist.strings;
			sourceTree = "<group>";
		};
		324FC4631936A4FB00A765ED /* InfoPlist.strings */ = {
			isa = PBXVariantGroup;
			children = (
				324FC4641936A4FB00A765ED /* en */,
			);
			name = InfoPlist.strings;
			sourceTree = "<group>";
		};
/* End PBXVariantGroup section */

/* Begin XCBuildConfiguration section */
		324FC4681936A4FB00A765ED /* Debug */ = {
			isa = XCBuildConfiguration;
			buildSettings = {
				ALWAYS_SEARCH_USER_PATHS = NO;
				CLANG_CXX_LANGUAGE_STANDARD = "gnu++0x";
				CLANG_CXX_LIBRARY = "libc++";
				CLANG_ENABLE_MODULES = YES;
				CLANG_ENABLE_OBJC_ARC = YES;
				CLANG_WARN_BOOL_CONVERSION = YES;
				CLANG_WARN_CONSTANT_CONVERSION = YES;
				CLANG_WARN_DIRECT_OBJC_ISA_USAGE = YES_ERROR;
				CLANG_WARN_EMPTY_BODY = YES;
				CLANG_WARN_ENUM_CONVERSION = YES;
				CLANG_WARN_INT_CONVERSION = YES;
				CLANG_WARN_OBJC_ROOT_CLASS = YES_ERROR;
				CLANG_WARN__DUPLICATE_METHOD_MATCH = YES;
				"CODE_SIGN_IDENTITY[sdk=iphoneos*]" = "iPhone Developer";
				COPY_PHASE_STRIP = NO;
				GCC_C_LANGUAGE_STANDARD = gnu99;
				GCC_DYNAMIC_NO_PIC = NO;
				GCC_OPTIMIZATION_LEVEL = 0;
				GCC_PREPROCESSOR_DEFINITIONS = (
					"DEBUG=1",
					"$(inherited)",
				);
				GCC_SYMBOLS_PRIVATE_EXTERN = NO;
				GCC_WARN_64_TO_32_BIT_CONVERSION = YES;
				GCC_WARN_ABOUT_RETURN_TYPE = YES_ERROR;
				GCC_WARN_UNDECLARED_SELECTOR = YES;
				GCC_WARN_UNINITIALIZED_AUTOS = YES_AGGRESSIVE;
				GCC_WARN_UNUSED_FUNCTION = YES;
				GCC_WARN_UNUSED_VARIABLE = YES;
				IPHONEOS_DEPLOYMENT_TARGET = 7.1;
				ONLY_ACTIVE_ARCH = YES;
				SDKROOT = iphoneos;
			};
			name = Debug;
		};
		324FC4691936A4FB00A765ED /* Release */ = {
			isa = XCBuildConfiguration;
			buildSettings = {
				ALWAYS_SEARCH_USER_PATHS = NO;
				CLANG_CXX_LANGUAGE_STANDARD = "gnu++0x";
				CLANG_CXX_LIBRARY = "libc++";
				CLANG_ENABLE_MODULES = YES;
				CLANG_ENABLE_OBJC_ARC = YES;
				CLANG_WARN_BOOL_CONVERSION = YES;
				CLANG_WARN_CONSTANT_CONVERSION = YES;
				CLANG_WARN_DIRECT_OBJC_ISA_USAGE = YES_ERROR;
				CLANG_WARN_EMPTY_BODY = YES;
				CLANG_WARN_ENUM_CONVERSION = YES;
				CLANG_WARN_INT_CONVERSION = YES;
				CLANG_WARN_OBJC_ROOT_CLASS = YES_ERROR;
				CLANG_WARN__DUPLICATE_METHOD_MATCH = YES;
				"CODE_SIGN_IDENTITY[sdk=iphoneos*]" = "iPhone Developer";
				COPY_PHASE_STRIP = YES;
				ENABLE_NS_ASSERTIONS = NO;
				GCC_C_LANGUAGE_STANDARD = gnu99;
				GCC_WARN_64_TO_32_BIT_CONVERSION = YES;
				GCC_WARN_ABOUT_RETURN_TYPE = YES_ERROR;
				GCC_WARN_UNDECLARED_SELECTOR = YES;
				GCC_WARN_UNINITIALIZED_AUTOS = YES_AGGRESSIVE;
				GCC_WARN_UNUSED_FUNCTION = YES;
				GCC_WARN_UNUSED_VARIABLE = YES;
				IPHONEOS_DEPLOYMENT_TARGET = 7.1;
				SDKROOT = iphoneos;
				VALIDATE_PRODUCT = YES;
			};
			name = Release;
		};
		324FC46B1936A4FB00A765ED /* Debug */ = {
			isa = XCBuildConfiguration;
			buildSettings = {
				ASSETCATALOG_COMPILER_APPICON_NAME = AppIcon;
				ASSETCATALOG_COMPILER_LAUNCHIMAGE_NAME = LaunchImage;
				GCC_PRECOMPILE_PREFIX_HEADER = YES;
				GCC_PREFIX_HEADER = "Homepwner/Homepwner-Prefix.pch";
				INFOPLIST_FILE = "Homepwner/Homepwner-Info.plist";
				PRODUCT_NAME = "$(TARGET_NAME)";
				WRAPPER_EXTENSION = app;
			};
			name = Debug;
		};
		324FC46C1936A4FB00A765ED /* Release */ = {
			isa = XCBuildConfiguration;
			buildSettings = {
				ASSETCATALOG_COMPILER_APPICON_NAME = AppIcon;
				ASSETCATALOG_COMPILER_LAUNCHIMAGE_NAME = LaunchImage;
				GCC_PRECOMPILE_PREFIX_HEADER = YES;
				GCC_PREFIX_HEADER = "Homepwner/Homepwner-Prefix.pch";
				INFOPLIST_FILE = "Homepwner/Homepwner-Info.plist";
				PRODUCT_NAME = "$(TARGET_NAME)";
				WRAPPER_EXTENSION = app;
			};
			name = Release;
		};
		324FC46E1936A4FB00A765ED /* Debug */ = {
			isa = XCBuildConfiguration;
			buildSettings = {
				BUNDLE_LOADER = "$(BUILT_PRODUCTS_DIR)/Homepwner.app/Homepwner";
				FRAMEWORK_SEARCH_PATHS = (
					"$(SDKROOT)/Developer/Library/Frameworks",
					"$(inherited)",
					"$(DEVELOPER_FRAMEWORKS_DIR)",
				);
				GCC_PRECOMPILE_PREFIX_HEADER = YES;
				GCC_PREFIX_HEADER = "Homepwner/Homepwner-Prefix.pch";
				GCC_PREPROCESSOR_DEFINITIONS = (
					"DEBUG=1",
					"$(inherited)",
				);
				INFOPLIST_FILE = "HomepwnerTests/HomepwnerTests-Info.plist";
				PRODUCT_NAME = "$(TARGET_NAME)";
				TEST_HOST = "$(BUNDLE_LOADER)";
				WRAPPER_EXTENSION = xctest;
			};
			name = Debug;
		};
		324FC46F1936A4FB00A765ED /* Release */ = {
			isa = XCBuildConfiguration;
			buildSettings = {
				BUNDLE_LOADER = "$(BUILT_PRODUCTS_DIR)/Homepwner.app/Homepwner";
				FRAMEWORK_SEARCH_PATHS = (
					"$(SDKROOT)/Developer/Library/Frameworks",
					"$(inherited)",
					"$(DEVELOPER_FRAMEWORKS_DIR)",
				);
				GCC_PRECOMPILE_PREFIX_HEADER = YES;
				GCC_PREFIX_HEADER = "Homepwner/Homepwner-Prefix.pch";
				INFOPLIST_FILE = "HomepwnerTests/HomepwnerTests-Info.plist";
				PRODUCT_NAME = "$(TARGET_NAME)";
				TEST_HOST = "$(BUNDLE_LOADER)";
				WRAPPER_EXTENSION = xctest;
			};
			name = Release;
		};
/* End XCBuildConfiguration section */

/* Begin XCConfigurationList section */
		324FC4391936A4FB00A765ED /* Build configuration list for PBXProject "Homepwner" */ = {
			isa = XCConfigurationList;
			buildConfigurations = (
				324FC4681936A4FB00A765ED /* Debug */,
				324FC4691936A4FB00A765ED /* Release */,
			);
			defaultConfigurationIsVisible = 0;
			defaultConfigurationName = Release;
		};
		324FC46A1936A4FB00A765ED /* Build configuration list for PBXNativeTarget "Homepwner" */ = {
			isa = XCConfigurationList;
			buildConfigurations = (
				324FC46B1936A4FB00A765ED /* Debug */,
				324FC46C1936A4FB00A765ED /* Release */,
			);
			defaultConfigurationIsVisible = 0;
		};
		324FC46D1936A4FB00A765ED /* Build configuration list for PBXNativeTarget "HomepwnerTests" */ = {
			isa = XCConfigurationList;
			buildConfigurations = (
				324FC46E1936A4FB00A765ED /* Debug */,
				324FC46F1936A4FB00A765ED /* Release */,
			);
			defaultConfigurationIsVisible = 0;
		};
/* End XCConfigurationList section */
	};
	rootObject = 324FC4361936A4FB00A765ED /* Project object */;
}
